
Microsoft Visual Studio Solution File, Format Version 12.00
# Visual Studio Version 17
VisualStudioVersion = 17.14.36414.22 d17.14
MinimumVisualStudioVersion = 10.0.40219.1
Project("{FAE04EC0-301F-11D3-BF4B-00C04F79EFBC}") = "APIGas", "APIGas\APIGas.csproj", "{2BC4B412-B416-4768-94CC-67F87A0DCE90}"
EndProject
Global
	GlobalSection(SolutionConfigurationPlatforms) = preSolution
		Debug|Any CPU = Debug|Any CPU
		Release|Any CPU = Release|Any CPU
	EndGlobalSection
	GlobalSection(ProjectConfigurationPlatforms) = postSolution
		{2BC4B412-B416-4768-94CC-67F87A0DCE90}.Debug|Any CPU.ActiveCfg = Debug|Any CPU
		{2BC4B412-B416-4768-94CC-67F87A0DCE90}.Debug|Any CPU.Build.0 = Debug|Any CPU
		{2BC4B412-B416-4768-94CC-67F87A0DCE90}.Release|Any CPU.ActiveCfg = Release|Any CPU
		{2BC4B412-B416-4768-94CC-67F87A0DCE90}.Release|Any CPU.Build.0 = Release|Any CPU
	EndGlobalSection
	GlobalSection(SolutionProperties) = preSolution
		HideSolutionNode = FALSE
	EndGlobalSection
	GlobalSection(ExtensibilityGlobals) = postSolution
		SolutionGuid = {9634C24E-C659-49A3-9D80-F82245FDBB5C}
	EndGlobalSection
EndGlobal
